// !$*UTF8*$!
{
	archiveVersion = 1;
	classes = {
	};
	objectVersion = 50;
	objects = {

/* Begin PBXBuildFile section */
		E7EEF2B8219E573F003259AC /* AppDelegate.swift in Sources */ = {isa = PBXBuildFile; fileRef = E7EEF2B7219E573F003259AC /* AppDelegate.swift */; };
		E7EEF2BA219E573F003259AC /* ViewController.swift in Sources */ = {isa = PBXBuildFile; fileRef = E7EEF2B9219E573F003259AC /* ViewController.swift */; };
		E7EEF2BD219E573F003259AC /* Main.storyboard in Resources */ = {isa = PBXBuildFile; fileRef = E7EEF2BB219E573F003259AC /* Main.storyboard */; };
		E7EEF2BF219E5741003259AC /* Assets.xcassets in Resources */ = {isa = PBXBuildFile; fileRef = E7EEF2BE219E5741003259AC /* Assets.xcassets */; };
		E7EEF2C2219E5742003259AC /* LaunchScreen.storyboard in Resources */ = {isa = PBXBuildFile; fileRef = E7EEF2C0219E5742003259AC /* LaunchScreen.storyboard */; };
		E7EEF2CA219E65D8003259AC /* FavoritesList.swift in Sources */ = {isa = PBXBuildFile; fileRef = E7EEF2C9219E65D8003259AC /* FavoritesList.swift */; };
		E7EEF2CC219F81F8003259AC /* RootViewController.swift in Sources */ = {isa = PBXBuildFile; fileRef = E7EEF2CB219F81F8003259AC /* RootViewController.swift */; };
		E7EEF2CE219FA406003259AC /* FontListViewController.swift in Sources */ = {isa = PBXBuildFile; fileRef = E7EEF2CD219FA406003259AC /* FontListViewController.swift */; };
/* End PBXBuildFile section */

/* Begin PBXFileReference section */
		E7EEF2B4219E573F003259AC /* MAPD-714_FontsApps.app */ = {isa = PBXFileReference; explicitFileType = wrapper.application; includeInIndex = 0; path = "MAPD-714_FontsApps.app"; sourceTree = BUILT_PRODUCTS_DIR; };
		E7EEF2B7219E573F003259AC /* AppDelegate.swift */ = {isa = PBXFileReference; lastKnownFileType = sourcecode.swift; path = AppDelegate.swift; sourceTree = "<group>"; };
		E7EEF2B9219E573F003259AC /* ViewController.swift */ = {isa = PBXFileReference; lastKnownFileType = sourcecode.swift; path = ViewController.swift; sourceTree = "<group>"; };
		E7EEF2BC219E573F003259AC /* Base */ = {isa = PBXFileReference; lastKnownFileType = file.storyboard; name = Base; path = Base.lproj/Main.storyboard; sourceTree = "<group>"; };
		E7EEF2BE219E5741003259AC /* Assets.xcassets */ = {isa = PBXFileReference; lastKnownFileType = folder.assetcatalog; path = Assets.xcassets; sourceTree = "<group>"; };
		E7EEF2C1219E5742003259AC /* Base */ = {isa = PBXFileReference; lastKnownFileType = file.storyboard; name = Base; path = Base.lproj/LaunchScreen.storyboard; sourceTree = "<group>"; };
		E7EEF2C3219E5742003259AC /* Info.plist */ = {isa = PBXFileReference; lastKnownFileType = text.plist.xml; path = Info.plist; sourceTree = "<group>"; };
		E7EEF2C9219E65D8003259AC /* FavoritesList.swift */ = {isa = PBXFileReference; lastKnownFileType = sourcecode.swift; path = FavoritesList.swift; sourceTree = "<group>"; };
		E7EEF2CB219F81F8003259AC /* RootViewController.swift */ = {isa = PBXFileReference; lastKnownFileType = sourcecode.swift; path = RootViewController.swift; sourceTree = "<group>"; };
		E7EEF2CD219FA406003259AC /* FontListViewController.swift */ = {isa = PBXFileReference; lastKnownFileType = sourcecode.swift; path = FontListViewController.swift; sourceTree = "<group>"; };
/* End PBXFileReference section */

/* Begin PBXFrameworksBuildPhase section */
		E7EEF2B1219E573F003259AC /* Frameworks */ = {
			isa = PBXFrameworksBuildPhase;
			buildActionMask = 2147483647;
			files = (
			);
			runOnlyForDeploymentPostprocessing = 0;
		};
/* End PBXFrameworksBuildPhase section */

/* Begin PBXGroup section */
		E7EEF2AB219E573F003259AC = {
			isa = PBXGroup;
			children = (
				E7EEF2B6219E573F003259AC /* MAPD-714_FontsApps */,
				E7EEF2B5219E573F003259AC /* Products */,
			);
			sourceTree = "<group>";
		};
		E7EEF2B5219E573F003259AC /* Products */ = {
			isa = PBXGroup;
			children = (
				E7EEF2B4219E573F003259AC /* MAPD-714_FontsApps.app */,
			);
			name = Products;
			sourceTree = "<group>";
		};
		E7EEF2B6219E573F003259AC /* MAPD-714_FontsApps */ = {
			isa = PBXGroup;
			children = (
				E7EEF2B7219E573F003259AC /* AppDelegate.swift */,
				E7EEF2B9219E573F003259AC /* ViewController.swift */,
				E7EEF2BB219E573F003259AC /* Main.storyboard */,
				E7EEF2BE219E5741003259AC /* Assets.xcassets */,
				E7EEF2C0219E5742003259AC /* LaunchScreen.storyboard */,
				E7EEF2C3219E5742003259AC /* Info.plist */,
				E7EEF2C9219E65D8003259AC /* FavoritesList.swift */,
				E7EEF2CB219F81F8003259AC /* RootViewController.swift */,
				E7EEF2CD219FA406003259AC /* FontListViewController.swift */,
			);
			path = "MAPD-714_FontsApps";
			sourceTree = "<group>";
		};
/* End PBXGroup section */

/* Begin PBXNativeTarget section */
		E7EEF2B3219E573F003259AC /* MAPD-714_FontsApps */ = {
			isa = PBXNativeTarget;
			buildConfigurationList = E7EEF2C6219E5742003259AC /* Build configuration list for PBXNativeTarget "MAPD-714_FontsApps" */;
			buildPhases = (
				E7EEF2B0219E573F003259AC /* Sources */,
				E7EEF2B1219E573F003259AC /* Frameworks */,
				E7EEF2B2219E573F003259AC /* Resources */,
			);
			buildRules = (
			);
			dependencies = (
			);
			name = "MAPD-714_FontsApps";
			productName = "MAPD-714_FontsApps";
			productReference = E7EEF2B4219E573F003259AC /* MAPD-714_FontsApps.app */;
			productType = "com.apple.product-type.application";
		};
/* End PBXNativeTarget section */

/* Begin PBXProject section */
		E7EEF2AC219E573F003259AC /* Project object */ = {
			isa = PBXProject;
			attributes = {
				LastSwiftUpdateCheck = 0940;
				LastUpgradeCheck = 0940;
				ORGANIZATIONNAME = "Sherlyn Lobo";
				TargetAttributes = {
					E7EEF2B3219E573F003259AC = {
						CreatedOnToolsVersion = 9.4.1;
					};
				};
			};
			buildConfigurationList = E7EEF2AF219E573F003259AC /* Build configuration list for PBXProject "MAPD-714_FontsApps" */;
			compatibilityVersion = "Xcode 9.3";
			developmentRegion = en;
			hasScannedForEncodings = 0;
			knownRegions = (
				en,
				Base,
			);
			mainGroup = E7EEF2AB219E573F003259AC;
			productRefGroup = E7EEF2B5219E573F003259AC /* Products */;
			projectDirPath = "";
			projectRoot = "";
			targets = (
				E7EEF2B3219E573F003259AC /* MAPD-714_FontsApps */,
			);
		};
/* End PBXProject section */

/* Begin PBXResourcesBuildPhase section */
		E7EEF2B2219E573F003259AC /* Resources */ = {
			isa = PBXResourcesBuildPhase;
			buildActionMask = 2147483647;
			files = (
				E7EEF2C2219E5742003259AC /* LaunchScreen.storyboard in Resources */,
				E7EEF2BF219E5741003259AC /* Assets.xcassets in Resources */,
				E7EEF2BD219E573F003259AC /* Main.storyboard in Resources */,
			);
			runOnlyForDeploymentPostprocessing = 0;
		};
/* End PBXResourcesBuildPhase section */

/* Begin PBXSourcesBuildPhase section */
		E7EEF2B0219E573F003259AC /* Sources */ = {
			isa = PBXSourcesBuildPhase;
			buildActionMask = 2147483647;
			files = (
				E7EEF2CA219E65D8003259AC /* FavoritesList.swift in Sources */,
				E7EEF2BA219E573F003259AC /* ViewController.swift in Sources */,
				E7EEF2CE219FA406003259AC /* FontListViewController.swift in Sources */,
				E7EEF2CC219F81F8003259AC /* RootViewController.swift in Sources */,
				E7EEF2B8219E573F003259AC /* AppDelegate.swift in Sources */,
			);
			runOnlyForDeploymentPostprocessing = 0;
		};
/* End PBXSourcesBuildPhase section */

/* Begin PBXVariantGroup section */
		E7EEF2BB219E573F003259AC /* Main.storyboard */ = {
			isa = PBXVariantGroup;
			children = (
				E7EEF2BC219E573F003259AC /* Base */,
			);
			name = Main.storyboard;
			sourceTree = "<group>";
		};
		E7EEF2C0219E5742003259AC /* LaunchScreen.storyboard */ = {
			isa = PBXVariantGroup;
			children = (
				E7EEF2C1219E5742003259AC /* Base */,
			);
			name = LaunchScreen.storyboard;
			sourceTree = "<group>";
		};
/* End PBXVariantGroup section */

/* Begin XCBuildConfiguration section */
		E7EEF2C4219E5742003259AC /* Debug */ = {
			isa = XCBuildConfiguration;
			buildSettings = {
				ALWAYS_SEARCH_USER_PATHS = NO;
				CLANG_ANALYZER_NONNULL = YES;
				CLANG_ANALYZER_NUMBER_OBJECT_CONVERSION = YES_AGGRESSIVE;
				CLANG_CXX_LANGUAGE_STANDARD = "gnu++14";
				CLANG_CXX_LIBRARY = "libc++";
				CLANG_ENABLE_MODULES = YES;
				CLANG_ENABLE_OBJC_ARC = YES;
				CLANG_ENABLE_OBJC_WEAK = YES;
				CLANG_WARN_BLOCK_CAPTURE_AUTORELEASING = YES;
				CLANG_WARN_BOOL_CONVERSION = YES;
				CLANG_WARN_COMMA = YES;
				CLANG_WARN_CONSTANT_CONVERSION = YES;
				CLANG_WARN_DEPRECATED_OBJC_IMPLEMENTATIONS = YES;
				CLANG_WARN_DIRECT_OBJC_ISA_USAGE = YES_ERROR;
				CLANG_WARN_DOCUMENTATION_COMMENTS = YES;
				CLANG_WARN_EMPTY_BODY = YES;
				CLANG_WARN_ENUM_CONVERSION = YES;
				CLANG_WARN_INFINITE_RECURSION = YES;
				CLANG_WARN_INT_CONVERSION = YES;
				CLANG_WARN_NON_LITERAL_NULL_CONVERSION = YES;
				CLANG_WARN_OBJC_IMPLICIT_RETAIN_SELF = YES;
				CLANG_WARN_OBJC_LITERAL_CONVERSION = YES;
				CLANG_WARN_OBJC_ROOT_CLASS = YES_ERROR;
				CLANG_WARN_RANGE_LOOP_ANALYSIS = YES;
				CLANG_WARN_STRICT_PROTOTYPES = YES;
				CLANG_WARN_SUSPICIOUS_MOVE = YES;
				CLANG_WARN_UNGUARDED_AVAILABILITY = YES_AGGRESSIVE;
				CLANG_WARN_UNREACHABLE_CODE = YES;
				CLANG_WARN__DUPLICATE_METHOD_MATCH = YES;
				CODE_SIGN_IDENTITY = "iPhone Developer";
				COPY_PHASE_STRIP = NO;
				DEBUG_INFORMATION_FORMAT = dwarf;
				ENABLE_STRICT_OBJC_MSGSEND = YES;
				ENABLE_TESTABILITY = YES;
				GCC_C_LANGUAGE_STANDARD = gnu11;
				GCC_DYNAMIC_NO_PIC = NO;
				GCC_NO_COMMON_BLOCKS = YES;
				GCC_OPTIMIZATION_LEVEL = 0;
				GCC_PREPROCESSOR_DEFINITIONS = (
					"DEBUG=1",
					"$(inherited)",
				);
				GCC_WARN_64_TO_32_BIT_CONVERSION = YES;
				GCC_WARN_ABOUT_RETURN_TYPE = YES_ERROR;
				GCC_WARN_UNDECLARED_SELECTOR = YES;
				GCC_WARN_UNINITIALIZED_AUTOS = YES_AGGRESSIVE;
				GCC_WARN_UNUSED_FUNCTION = YES;
				GCC_WARN_UNUSED_VARIABLE = YES;
				IPHONEOS_DEPLOYMENT_TARGET = 11.4;
				MTL_ENABLE_DEBUG_INFO = YES;
				ONLY_ACTIVE_ARCH = YES;
				SDKROOT = iphoneos;
				SWIFT_ACTIVE_COMPILATION_CONDITIONS = DEBUG;
				SWIFT_OPTIMIZATION_LEVEL = "-Onone";
			};
			name = Debug;
		};
		E7EEF2C5219E5742003259AC /* Release */ = {
			isa = XCBuildConfiguration;
			buildSettings = {
				ALWAYS_SEARCH_USER_PATHS = NO;
				CLANG_ANALYZER_NONNULL = YES;
				CLANG_ANALYZER_NUMBER_OBJECT_CONVERSION = YES_AGGRESSIVE;
				CLANG_CXX_LANGUAGE_STANDARD = "gnu++14";
				CLANG_CXX_LIBRARY = "libc++";
				CLANG_ENABLE_MODULES = YES;
				CLANG_ENABLE_OBJC_ARC = YES;
				CLANG_ENABLE_OBJC_WEAK = YES;
				CLANG_WARN_BLOCK_CAPTURE_AUTORELEASING = YES;
				CLANG_WARN_BOOL_CONVERSION = YES;
				CLANG_WARN_COMMA = YES;
				CLANG_WARN_CONSTANT_CONVERSION = YES;
				CLANG_WARN_DEPRECATED_OBJC_IMPLEMENTATIONS = YES;
				CLANG_WARN_DIRECT_OBJC_ISA_USAGE = YES_ERROR;
				CLANG_WARN_DOCUMENTATION_COMMENTS = YES;
				CLANG_WARN_EMPTY_BODY = YES;
				CLANG_WARN_ENUM_CONVERSION = YES;
				CLANG_WARN_INFINITE_RECURSION = YES;
				CLANG_WARN_INT_CONVERSION = YES;
				CLANG_WARN_NON_LITERAL_NULL_CONVERSION = YES;
				CLANG_WARN_OBJC_IMPLICIT_RETAIN_SELF = YES;
				CLANG_WARN_OBJC_LITERAL_CONVERSION = YES;
				CLANG_WARN_OBJC_ROOT_CLASS = YES_ERROR;
				CLANG_WARN_RANGE_LOOP_ANALYSIS = YES;
				CLANG_WARN_STRICT_PROTOTYPES = YES;
				CLANG_WARN_SUSPICIOUS_MOVE = YES;
				CLANG_WARN_UNGUARDED_AVAILABILITY = YES_AGGRESSIVE;
				CLANG_WARN_UNREACHABLE_CODE = YES;
				CLANG_WARN__DUPLICATE_METHOD_MATCH = YES;
				CODE_SIGN_IDENTITY = "iPhone Developer";
				COPY_PHASE_STRIP = NO;
				DEBUG_INFORMATION_FORMAT = "dwarf-with-dsym";
				ENABLE_NS_ASSERTIONS = NO;
				ENABLE_STRICT_OBJC_MSGSEND = YES;
				GCC_C_LANGUAGE_STANDARD = gnu11;
				GCC_NO_COMMON_BLOCKS = YES;
				GCC_WARN_64_TO_32_BIT_CONVERSION = YES;
				GCC_WARN_ABOUT_RETURN_TYPE = YES_ERROR;
				GCC_WARN_UNDECLARED_SELECTOR = YES;
				GCC_WARN_UNINITIALIZED_AUTOS = YES_AGGRESSIVE;
				GCC_WARN_UNUSED_FUNCTION = YES;
				GCC_WARN_UNUSED_VARIABLE = YES;
				IPHONEOS_DEPLOYMENT_TARGET = 11.4;
				MTL_ENABLE_DEBUG_INFO = NO;
				SDKROOT = iphoneos;
				SWIFT_COMPILATION_MODE = wholemodule;
				SWIFT_OPTIMIZATION_LEVEL = "-O";
				VALIDATE_PRODUCT = YES;
			};
			name = Release;
		};
		E7EEF2C7219E5742003259AC /* Debug */ = {
			isa = XCBuildConfiguration;
			buildSettings = {
				ASSETCATALOG_COMPILER_APPICON_NAME = AppIcon;
				CODE_SIGN_STYLE = Automatic;
				DEVELOPMENT_TEAM = 2BULHRS882;
				INFOPLIST_FILE = "MAPD-714_FontsApps/Info.plist";
				LD_RUNPATH_SEARCH_PATHS = (
					"$(inherited)",
					"@executable_path/Frameworks",
				);
				PRODUCT_BUNDLE_IDENTIFIER = "com.centennial.sherlyn.MAPD-714-FontsApps";
				PRODUCT_NAME = "$(TARGET_NAME)";
				SWIFT_VERSION = 4.0;
				TARGETED_DEVICE_FAMILY = "1,2";
			};
			name = Debug;
		};
		E7EEF2C8219E5742003259AC /* Release */ = {
			isa = XCBuildConfiguration;
			buildSettings = {
				ASSETCATALOG_COMPILER_APPICON_NAME = AppIcon;
				CODE_SIGN_STYLE = Automatic;
				DEVELOPMENT_TEAM = 2BULHRS882;
				INFOPLIST_FILE = "MAPD-714_FontsApps/Info.plist";
				LD_RUNPATH_SEARCH_PATHS = (
					"$(inherited)",
					"@executable_path/Frameworks",
				);
				PRODUCT_BUNDLE_IDENTIFIER = "com.centennial.sherlyn.MAPD-714-FontsApps";
				PRODUCT_NAME = "$(TARGET_NAME)";
				SWIFT_VERSION = 4.0;
				TARGETED_DEVICE_FAMILY = "1,2";
			};
			name = Release;
		};
/* End XCBuildConfiguration section */

/* Begin XCConfigurationList section */
		E7EEF2AF219E573F003259AC /* Build configuration list for PBXProject "MAPD-714_FontsApps" */ = {
			isa = XCConfigurationList;
			buildConfigurations = (
				E7EEF2C4219E5742003259AC /* Debug */,
				E7EEF2C5219E5742003259AC /* Release */,
			);
			defaultConfigurationIsVisible = 0;
			defaultConfigurationName = Release;
		};
		E7EEF2C6219E5742003259AC /* Build configuration list for PBXNativeTarget "MAPD-714_FontsApps" */ = {
			isa = XCConfigurationList;
			buildConfigurations = (
				E7EEF2C7219E5742003259AC /* Debug */,
				E7EEF2C8219E5742003259AC /* Release */,
			);
			defaultConfigurationIsVisible = 0;
			defaultConfigurationName = Release;
		};
/* End XCConfigurationList section */
	};
	rootObject = E7EEF2AC219E573F003259AC /* Project object */;
}
